
Microsoft Visual Studio Solution File, Format Version 12.00
# Visual Studio Version 16
VisualStudioVersion = 16.0.30309.148
MinimumVisualStudioVersion = 10.0.40219.1
Project("{9A19103F-16F7-4668-BE54-9A1E7A4F7556}") = "Sample", "SampleEndpoint\Sample.csproj", "{5DD7E84A-65CC-4327-907A-CC412BD455F4}"
EndProject
Global
	GlobalSection(SolutionConfigurationPlatforms) = preSolution
		Debug|Any CPU = Debug|Any CPU
		Release|Any CPU = Release|Any CPU
	EndGlobalSection
	GlobalSection(ProjectConfigurationPlatforms) = postSolution
		{5DD7E84A-65CC-4327-907A-CC412BD455F4}.Debug|Any CPU.ActiveCfg = Debug|Any CPU
		{5DD7E84A-65CC-4327-907A-CC412BD455F4}.Debug|Any CPU.Build.0 = Debug|Any CPU
		{5DD7E84A-65CC-4327-907A-CC412BD455F4}.Release|Any CPU.ActiveCfg = Release|Any CPU
		{5DD7E84A-65CC-4327-907A-CC412BD455F4}.Release|Any CPU.Build.0 = Release|Any CPU
	EndGlobalSection
	GlobalSection(SolutionProperties) = preSolution
		HideSolutionNode = FALSE
	EndGlobalSection
	GlobalSection(ExtensibilityGlobals) = postSolution
		SolutionGuid = {3753F21F-6268-4B36-A9BA-A45783B35C83}
	EndGlobalSection
EndGlobal
